<?xml version="1.0" encoding="utf-8"?>
<Project ToolsVersion="4.0" xmlns="http://schemas.microsoft.com/developer/msbuild/2003">
  <ItemGroup>
    <Filter Include="源文件">
      <UniqueIdentifier>{4FC737F1-C7A5-4376-A066-2A32D752A2FF}</UniqueIdentifier>
      <Extensions>cpp;c;cc;cxx;def;odl;idl;hpj;bat;asm;asmx</Extensions>
    </Filter>
    <Filter Include="头文件">
      <UniqueIdentifier>{93995380-89BD-4b04-88EB-625FBE52EBFB}</UniqueIdentifier>
      <Extensions>h;hh;hpp;hxx;hm;inl;inc;xsd</Extensions>
    </Filter>
    <Filter Include="资源文件">
      <UniqueIdentifier>{67DA6AB6-F800-4c08-8B7A-83BB121AAD01}</UniqueIdentifier>
      <Extensions>rc;ico;cur;bmp;dlg;rc2;rct;bin;rgs;gif;jpg;jpeg;jpe;resx;tiff;tif;png;wav;mfcribbon-ms</Extensions>
    </Filter>
  </ItemGroup>
  <ItemGroup>
    <ClCompile Include="test.cpp">
      <Filter>源文件</Filter>
    </ClCompile>
    <ClCompile Include="121_operator+.cpp">
      <Filter>源文件</Filter>
    </ClCompile>
    <ClCompile Include="124_operator=.cpp">
      <Filter>源文件</Filter>
    </ClCompile>
    <ClCompile Include="122_operator《.cpp">
      <Filter>源文件</Filter>
    </ClCompile>
    <ClCompile Include="125_operator==.cpp">
      <Filter>源文件</Filter>
    </ClCompile>
    <ClCompile Include="123_operator++.cpp">
      <Filter>源文件</Filter>
    </ClCompile>
    <ClCompile Include="126_operator%28%29.cpp">
      <Filter>源文件</Filter>
    </ClCompile>
    <ClCompile Include="127_inherit_basic.cpp">
      <Filter>源文件</Filter>
    </ClCompile>
    <ClCompile Include="128_inherit_way.cpp">
      <Filter>源文件</Filter>
    </ClCompile>
    <ClCompile Include="129_inherit_model.cpp">
      <Filter>源文件</Filter>
    </ClCompile>
    <ClCompile Include="130_inherit_order.cpp">
      <Filter>源文件</Filter>
    </ClCompile>
    <ClCompile Include="131_inherit_name.cpp">
      <Filter>源文件</Filter>
    </ClCompile>
    <ClCompile Include="132_inherit_static.cpp">
      <Filter>源文件</Filter>
    </ClCompile>
    <ClCompile Include="133_inherit_many.cpp">
      <Filter>源文件</Filter>
    </ClCompile>
    <ClCompile Include="134_inherit_diamond.cpp">
      <Filter>源文件</Filter>
    </ClCompile>
    <ClCompile Include="135_polymorphic_basic.cpp">
      <Filter>源文件</Filter>
    </ClCompile>
    <ClCompile Include="136_polymorphic_principle.cpp">
      <Filter>源文件</Filter>
    </ClCompile>
    <ClCompile Include="137_polymorphic_calculator.cpp">
      <Filter>源文件</Filter>
    </ClCompile>
    <ClCompile Include="138_polymorphic_abstract.cpp">
      <Filter>源文件</Filter>
    </ClCompile>
    <ClCompile Include="139_polymorphic_drinks.cpp">
      <Filter>源文件</Filter>
    </ClCompile>
    <ClCompile Include="140_polymorphic_destructor.cpp">
      <Filter>源文件</Filter>
    </ClCompile>
    <ClCompile Include="143_filetext_write.cpp">
      <Filter>源文件</Filter>
    </ClCompile>
    <ClCompile Include="144_filetext_read.cpp">
      <Filter>源文件</Filter>
    </ClCompile>
    <ClCompile Include="145_filebinary_write.cpp">
      <Filter>源文件</Filter>
    </ClCompile>
    <ClCompile Include="145_filebinary_read.cpp">
      <Filter>源文件</Filter>
    </ClCompile>
    <ClCompile Include="001_basic_way.cpp">
      <Filter>源文件</Filter>
    </ClCompile>
    <ClCompile Include="002_basic_helloworld.cpp">
      <Filter>源文件</Filter>
    </ClCompile>
    <ClCompile Include="003_basic_kc.cpp">
      <Filter>源文件</Filter>
    </ClCompile>
    <ClCompile Include="004_basic_var.cpp">
      <Filter>源文件</Filter>
    </ClCompile>
    <ClCompile Include="005_basic_const.cpp">
      <Filter>源文件</Filter>
    </ClCompile>
    <ClCompile Include="006_basic_sign.cpp">
      <Filter>源文件</Filter>
    </ClCompile>
    <ClCompile Include="007_basic_name.cpp">
      <Filter>源文件</Filter>
    </ClCompile>
    <ClCompile Include="008_basic_int.cpp">
      <Filter>源文件</Filter>
    </ClCompile>
    <ClCompile Include="010_basic_float.cpp">
      <Filter>源文件</Filter>
    </ClCompile>
    <ClCompile Include="009_basic_sizeof.cpp">
      <Filter>源文件</Filter>
    </ClCompile>
    <ClCompile Include="011_basic_char.cpp">
      <Filter>源文件</Filter>
    </ClCompile>
    <ClCompile Include="012_basic_change.cpp">
      <Filter>源文件</Filter>
    </ClCompile>
    <ClCompile Include="013_basic_string.cpp">
      <Filter>源文件</Filter>
    </ClCompile>
    <ClCompile Include="014_basic_bool.cpp">
      <Filter>源文件</Filter>
    </ClCompile>
    <ClCompile Include="015_basic_input.cpp">
      <Filter>源文件</Filter>
    </ClCompile>
    <ClCompile Include="016_calcu_four.cpp">
      <Filter>源文件</Filter>
    </ClCompile>
    <ClCompile Include="018_calcu_+-.cpp">
      <Filter>源文件</Filter>
    </ClCompile>
    <ClCompile Include="019_calcu_=.cpp">
      <Filter>源文件</Filter>
    </ClCompile>
    <ClCompile Include="020_calcu_bigsmall.cpp">
      <Filter>源文件</Filter>
    </ClCompile>
    <ClCompile Include="021_calcu_!.cpp">
      <Filter>源文件</Filter>
    </ClCompile>
    <ClCompile Include="022_calcu_and.cpp">
      <Filter>源文件</Filter>
    </ClCompile>
    <ClCompile Include="023_calcu_or.cpp">
      <Filter>源文件</Filter>
    </ClCompile>
    <ClCompile Include="017_calcu_mo.cpp">
      <Filter>源文件</Filter>
    </ClCompile>
    <ClCompile Include="056_pointer_basic.cpp">
      <Filter>源文件</Filter>
    </ClCompile>
    <ClCompile Include="057_pointer_space.cpp">
      <Filter>源文件</Filter>
    </ClCompile>
    <ClCompile Include="058_pointer_empty.cpp">
      <Filter>源文件</Filter>
    </ClCompile>
    <ClCompile Include="059_pointer_wild.cpp">
      <Filter>源文件</Filter>
    </ClCompile>
    <ClCompile Include="060_pointer_const.cpp">
      <Filter>源文件</Filter>
    </ClCompile>
    <ClCompile Include="061_pointer_array.cpp">
      <Filter>源文件</Filter>
    </ClCompile>
    <ClCompile Include="062_pointer_function.cpp">
      <Filter>源文件</Filter>
    </ClCompile>
    <ClCompile Include="063_pointer_test.cpp">
      <Filter>源文件</Filter>
    </ClCompile>
    <ClCompile Include="141_polymorphic_computer_142.cpp">
      <Filter>源文件</Filter>
    </ClCompile>
    <ClCompile Include="029_choose_three.cpp">
      <Filter>源文件</Filter>
    </ClCompile>
    <ClCompile Include="030_choose_switch.cpp">
      <Filter>源文件</Filter>
    </ClCompile>
    <ClCompile Include="031_loop_while_032.cpp">
      <Filter>源文件</Filter>
    </ClCompile>
    <ClCompile Include="033_loop_dowhile_034.cpp">
      <Filter>源文件</Filter>
    </ClCompile>
    <ClCompile Include="035_loop_for_036.cpp">
      <Filter>源文件</Filter>
    </ClCompile>
    <ClCompile Include="024_choose_if_028.cpp">
      <Filter>源文件</Filter>
    </ClCompile>
    <ClCompile Include="037_loop_nesting_038.cpp">
      <Filter>源文件</Filter>
    </ClCompile>
    <ClCompile Include="039_jump_break.cpp">
      <Filter>源文件</Filter>
    </ClCompile>
    <ClCompile Include="040_jump_continue.cpp">
      <Filter>源文件</Filter>
    </ClCompile>
    <ClCompile Include="041_jump_goto.cpp">
      <Filter>源文件</Filter>
    </ClCompile>
    <ClCompile Include="042_array_define.cpp">
      <Filter>源文件</Filter>
    </ClCompile>
    <ClCompile Include="043_array_name_045.cpp">
      <Filter>源文件</Filter>
    </ClCompile>
    <ClCompile Include="046_array_bullet.cpp">
      <Filter>源文件</Filter>
    </ClCompile>
    <ClCompile Include="047_array2_define.cpp">
      <Filter>源文件</Filter>
    </ClCompile>
    <ClCompile Include="048_array2_name_049.cpp">
      <Filter>源文件</Filter>
    </ClCompile>
    <ClCompile Include="050_func_define.cpp">
      <Filter>源文件</Filter>
    </ClCompile>
    <ClCompile Include="051_func_use.cpp">
      <Filter>源文件</Filter>
    </ClCompile>
    <ClCompile Include="052_func_transmit.cpp">
      <Filter>源文件</Filter>
    </ClCompile>
    <ClCompile Include="053_func_exp.cpp">
      <Filter>源文件</Filter>
    </ClCompile>
    <ClCompile Include="055_func_perfect.cpp">
      <Filter>源文件</Filter>
    </ClCompile>
    <ClCompile Include="054_func_void.cpp">
      <Filter>源文件</Filter>
    </ClCompile>
    <ClCompile Include="064_struct_define.cpp">
      <Filter>源文件</Filter>
    </ClCompile>
    <ClCompile Include="065_struct_array.cpp">
      <Filter>源文件</Filter>
    </ClCompile>
    <ClCompile Include="066_struct_pointer.cpp">
      <Filter>源文件</Filter>
    </ClCompile>
    <ClCompile Include="067_struct_nesting.cpp">
      <Filter>源文件</Filter>
    </ClCompile>
    <ClCompile Include="068_struct_func.cpp">
      <Filter>源文件</Filter>
    </ClCompile>
    <ClCompile Include="069_struct_const.cpp">
      <Filter>源文件</Filter>
    </ClCompile>
    <ClCompile Include="070_struct_exp1.cpp">
      <Filter>源文件</Filter>
    </ClCompile>
    <ClCompile Include="071_struct_exp2.cpp">
      <Filter>源文件</Filter>
    </ClCompile>
    <ClCompile Include="072_struct_list_083.cpp">
      <Filter>源文件</Filter>
    </ClCompile>
    <ClCompile Include="084_memory_code.cpp">
      <Filter>源文件</Filter>
    </ClCompile>
    <ClCompile Include="085_memory_globle.cpp">
      <Filter>源文件</Filter>
    </ClCompile>
    <ClCompile Include="086_memory_shed.cpp">
      <Filter>源文件</Filter>
    </ClCompile>
    <ClCompile Include="087_memory_stack.cpp">
      <Filter>源文件</Filter>
    </ClCompile>
    <ClCompile Include="088_memory_new.cpp">
      <Filter>源文件</Filter>
    </ClCompile>
    <ClCompile Include="089_cite_basic.cpp">
      <Filter>源文件</Filter>
    </ClCompile>
    <ClCompile Include="090_cite_notice.cpp">
      <Filter>源文件</Filter>
    </ClCompile>
    <ClCompile Include="091_cite_func.cpp">
      <Filter>源文件</Filter>
    </ClCompile>
    <ClCompile Include="092_cite_return.cpp">
      <Filter>源文件</Filter>
    </ClCompile>
    <ClCompile Include="093_cite_nature.cpp">
      <Filter>源文件</Filter>
    </ClCompile>
    <ClCompile Include="094_cite_constant.cpp">
      <Filter>源文件</Filter>
    </ClCompile>
    <ClCompile Include="095_funchigh_default.cpp">
      <Filter>源文件</Filter>
    </ClCompile>
    <ClCompile Include="096_funchigh_employ.cpp">
      <Filter>源文件</Filter>
    </ClCompile>
    <ClCompile Include="098_funchigh_opernotice.cpp">
      <Filter>源文件</Filter>
    </ClCompile>
    <ClCompile Include="097_funchigh_operbasic.cpp">
      <Filter>源文件</Filter>
    </ClCompile>
    <ClCompile Include="099_class_whole.cpp">
      <Filter>源文件</Filter>
    </ClCompile>
    <ClCompile Include="100_class_student.cpp">
      <Filter>源文件</Filter>
    </ClCompile>
    <ClCompile Include="101_class_limit.cpp">
      <Filter>源文件</Filter>
    </ClCompile>
    <ClCompile Include="102_class_struct.cpp">
      <Filter>源文件</Filter>
    </ClCompile>
    <ClCompile Include="103_class_private.cpp">
      <Filter>源文件</Filter>
    </ClCompile>
    <ClCompile Include="104_class_cube.cpp">
      <Filter>源文件</Filter>
    </ClCompile>
    <ClCompile Include="105_class_pointcircle.cpp">
      <Filter>源文件</Filter>
    </ClCompile>
    <ClCompile Include="106_class_structure.cpp">
      <Filter>源文件</Filter>
    </ClCompile>
    <ClCompile Include="107_class_sortuse.cpp">
      <Filter>源文件</Filter>
    </ClCompile>
    <ClCompile Include="108_class_calltime.cpp">
      <Filter>源文件</Filter>
    </ClCompile>
    <ClCompile Include="109_class_callrule.cpp">
      <Filter>源文件</Filter>
    </ClCompile>
    <ClCompile Include="110_class_copy.cpp">
      <Filter>源文件</Filter>
    </ClCompile>
    <ClCompile Include="111_class_init.cpp">
      <Filter>源文件</Filter>
    </ClCompile>
    <ClCompile Include="112_class_object.cpp">
      <Filter>源文件</Filter>
    </ClCompile>
    <ClCompile Include="113_class_static.cpp">
      <Filter>源文件</Filter>
    </ClCompile>
    <ClCompile Include="114_class_memory.cpp">
      <Filter>源文件</Filter>
    </ClCompile>
    <ClCompile Include="115_class_this.cpp">
      <Filter>源文件</Filter>
    </ClCompile>
    <ClCompile Include="116_class_emptyptr.cpp">
      <Filter>源文件</Filter>
    </ClCompile>
    <ClCompile Include="117_class_const.cpp">
      <Filter>源文件</Filter>
    </ClCompile>
    <ClCompile Include="119_friend_class.cpp">
      <Filter>源文件</Filter>
    </ClCompile>
    <ClCompile Include="118_friend_globle.cpp">
      <Filter>源文件</Filter>
    </ClCompile>
    <ClCompile Include="120_friend_member.cpp">
      <Filter>源文件</Filter>
    </ClCompile>
    <ClCompile Include="147_class_workers_166.cpp">
      <Filter>源文件</Filter>
    </ClCompile>
    <ClCompile Include="147_workers_system_166.cpp">
      <Filter>源文件</Filter>
    </ClCompile>
    <ClCompile Include="167_mould_notion.cpp">
      <Filter>源文件</Filter>
    </ClCompile>
    <ClCompile Include="168_model_funcbasic.cpp">
      <Filter>源文件</Filter>
    </ClCompile>
    <ClCompile Include="169_model_funcnote.cpp">
      <Filter>源文件</Filter>
    </ClCompile>
    <ClCompile Include="170_model_arraysort.cpp">
      <Filter>源文件</Filter>
    </ClCompile>
    <ClCompile Include="171_model_funcdiff.cpp">
      <Filter>源文件</Filter>
    </ClCompile>
    <ClCompile Include="172_model_funcrule.cpp">
      <Filter>源文件</Filter>
    </ClCompile>
    <ClCompile Include="173_model_limit.cpp">
      <Filter>源文件</Filter>
    </ClCompile>
    <ClCompile Include="174_model_classbasic.cpp">
      <Filter>源文件</Filter>
    </ClCompile>
    <ClCompile Include="175_model_classfunc.cpp">
      <Filter>源文件</Filter>
    </ClCompile>
    <ClCompile Include="176_model_classtime.cpp">
      <Filter>源文件</Filter>
    </ClCompile>
    <ClCompile Include="177_model_classdefault.cpp">
      <Filter>源文件</Filter>
    </ClCompile>
    <ClCompile Include="178_model_inherit.cpp">
      <Filter>源文件</Filter>
    </ClCompile>
    <ClCompile Include="179_model_doing.cpp">
      <Filter>源文件</Filter>
    </ClCompile>
    <ClCompile Include="180_model_classfile.cpp">
      <Filter>源文件</Filter>
    </ClCompile>
    <ClCompile Include="181_model_classfriend.cpp">
      <Filter>源文件</Filter>
    </ClCompile>
    <ClCompile Include="182_model_classarray_184.cpp">
      <Filter>源文件</Filter>
    </ClCompile>
    <ClCompile Include="185_stl_basic.cpp">
      <Filter>源文件</Filter>
    </ClCompile>
    <ClCompile Include="203_stlvector_reserve.cpp">
      <Filter>源文件</Filter>
    </ClCompile>
    <ClCompile Include="186_stlvector_acquaintance.cpp">
      <Filter>源文件</Filter>
    </ClCompile>
    <ClCompile Include="187_stlvector_mydefine.cpp">
      <Filter>源文件</Filter>
    </ClCompile>
    <ClCompile Include="188_stlvector_nesting.cpp">
      <Filter>源文件</Filter>
    </ClCompile>
    <ClCompile Include="189_stlstring_basic.cpp">
      <Filter>源文件</Filter>
    </ClCompile>
    <ClCompile Include="190_stlstring_evalution.cpp">
      <Filter>源文件</Filter>
    </ClCompile>
    <ClCompile Include="191_stlstring_splicing.cpp">
      <Filter>源文件</Filter>
    </ClCompile>
    <ClCompile Include="192_stlstring_fr.cpp">
      <Filter>源文件</Filter>
    </ClCompile>
    <ClCompile Include="193_stlstring_compare.cpp">
      <Filter>源文件</Filter>
    </ClCompile>
    <ClCompile Include="194_stlstring_get.cpp">
      <Filter>源文件</Filter>
    </ClCompile>
    <ClCompile Include="195_stlstring_insert.cpp">
      <Filter>源文件</Filter>
    </ClCompile>
    <ClCompile Include="196_stlstring_son.cpp">
      <Filter>源文件</Filter>
    </ClCompile>
    <ClCompile Include="197_stlvector_build.cpp">
      <Filter>源文件</Filter>
    </ClCompile>
    <ClCompile Include="198_stlvector_evalution.cpp">
      <Filter>源文件</Filter>
    </ClCompile>
    <ClCompile Include="199_stlvector_size.cpp">
      <Filter>源文件</Filter>
    </ClCompile>
    <ClCompile Include="200_stlvector_insert.cpp">
      <Filter>源文件</Filter>
    </ClCompile>
    <ClCompile Include="201_stlvector_get.cpp">
      <Filter>源文件</Filter>
    </ClCompile>
    <ClCompile Include="202_stlvector_swap.cpp">
      <Filter>源文件</Filter>
    </ClCompile>
    <ClCompile Include="204_stldeque_build.cpp">
      <Filter>源文件</Filter>
    </ClCompile>
    <ClCompile Include="205_stldeque_evalution.cpp">
      <Filter>源文件</Filter>
    </ClCompile>
    <ClCompile Include="206_stldeque_size.cpp">
      <Filter>源文件</Filter>
    </ClCompile>
    <ClCompile Include="207_stldeque_insert.cpp">
      <Filter>源文件</Filter>
    </ClCompile>
    <ClCompile Include="208_stldeque_get.cpp">
      <Filter>源文件</Filter>
    </ClCompile>
    <ClCompile Include="209_stldeque_sort.cpp">
      <Filter>源文件</Filter>
    </ClCompile>
  </ItemGroup>
  <ItemGroup>
    <ClInclude Include="147_class_workers_166.h">
      <Filter>头文件</Filter>
    </ClInclude>
    <ClInclude Include="180_model_classfile.hpp">
      <Filter>头文件</Filter>
    </ClInclude>
    <ClInclude Include="182_model_classarray_184.hpp">
      <Filter>头文件</Filter>
    </ClInclude>
  </ItemGroup>
</Project>